
Microsoft Visual Studio Solution File, Format Version 11.00
# Visual Studio 2010
Project("{FAE04EC0-301F-11D3-BF4B-00C04F79EFBC}") = "IAproject", "IAproject\IAproject.csproj", "{DF0A09F1-60FA-4F73-8E0A-F887E672C7EC}"
EndProject
Project("{FAE04EC0-301F-11D3-BF4B-00C04F79EFBC}") = "IAproject_tester", "IAproject_tester\IAproject_tester.csproj", "{0A41BD8C-FE26-4EF5-9878-E62DDE405F79}"
EndProject
Project("{FAE04EC0-301F-11D3-BF4B-00C04F79EFBC}") = "IAproject_test", "..\IAproject_test\IAproject_test\IAproject_test.csproj", "{540F0241-509E-45A9-BE44-C766EB08434B}"
EndProject
Global
	GlobalSection(SolutionConfigurationPlatforms) = preSolution
		Debug|x86 = Debug|x86
		Release|x86 = Release|x86
	EndGlobalSection
	GlobalSection(ProjectConfigurationPlatforms) = postSolution
		{DF0A09F1-60FA-4F73-8E0A-F887E672C7EC}.Debug|x86.ActiveCfg = Debug|x86
		{DF0A09F1-60FA-4F73-8E0A-F887E672C7EC}.Debug|x86.Build.0 = Debug|x86
		{DF0A09F1-60FA-4F73-8E0A-F887E672C7EC}.Release|x86.ActiveCfg = Release|x86
		{DF0A09F1-60FA-4F73-8E0A-F887E672C7EC}.Release|x86.Build.0 = Release|x86
		{0A41BD8C-FE26-4EF5-9878-E62DDE405F79}.Debug|x86.ActiveCfg = Debug|x86
		{0A41BD8C-FE26-4EF5-9878-E62DDE405F79}.Debug|x86.Build.0 = Debug|x86
		{0A41BD8C-FE26-4EF5-9878-E62DDE405F79}.Release|x86.ActiveCfg = Release|x86
		{0A41BD8C-FE26-4EF5-9878-E62DDE405F79}.Release|x86.Build.0 = Release|x86
		{540F0241-509E-45A9-BE44-C766EB08434B}.Debug|x86.ActiveCfg = Debug|x86
		{540F0241-509E-45A9-BE44-C766EB08434B}.Debug|x86.Build.0 = Debug|x86
		{540F0241-509E-45A9-BE44-C766EB08434B}.Release|x86.ActiveCfg = Release|x86
		{540F0241-509E-45A9-BE44-C766EB08434B}.Release|x86.Build.0 = Release|x86
	EndGlobalSection
	GlobalSection(SolutionProperties) = preSolution
		HideSolutionNode = FALSE
	EndGlobalSection
	GlobalSection(ExtensibilityGlobals) = postSolution
		VisualSVNWorkingCopyRoot = .
	EndGlobalSection
EndGlobal
